
Microsoft Visual Studio Solution File, Format Version 12.00
# Visual Studio Version 16
VisualStudioVersion = 16.0.30413.136
MinimumVisualStudioVersion = 10.0.40219.1
Project("{FAE04EC0-301F-11D3-BF4B-00C04F79EFBC}") = "Hospital.Center", "Hospital.Center\Hospital.Center.csproj", "{55690014-1D3E-458D-9261-5425AEAF62A8}"
EndProject
Project("{FAE04EC0-301F-11D3-BF4B-00C04F79EFBC}") = "Hospital.Common", "Hospital.Common\Hospital.Common.csproj", "{15DD468E-9050-4D7F-9ABE-58973B40148B}"
EndProject
Global
	GlobalSection(SolutionConfigurationPlatforms) = preSolution
		Debug|Any CPU = Debug|Any CPU
		Release|Any CPU = Release|Any CPU
	EndGlobalSection
	GlobalSection(ProjectConfigurationPlatforms) = postSolution
		{55690014-1D3E-458D-9261-5425AEAF62A8}.Debug|Any CPU.ActiveCfg = Debug|Any CPU
		{55690014-1D3E-458D-9261-5425AEAF62A8}.Debug|Any CPU.Build.0 = Debug|Any CPU
		{55690014-1D3E-458D-9261-5425AEAF62A8}.Release|Any CPU.ActiveCfg = Release|Any CPU
		{55690014-1D3E-458D-9261-5425AEAF62A8}.Release|Any CPU.Build.0 = Release|Any CPU
		{15DD468E-9050-4D7F-9ABE-58973B40148B}.Debug|Any CPU.ActiveCfg = Debug|Any CPU
		{15DD468E-9050-4D7F-9ABE-58973B40148B}.Debug|Any CPU.Build.0 = Debug|Any CPU
		{15DD468E-9050-4D7F-9ABE-58973B40148B}.Release|Any CPU.ActiveCfg = Release|Any CPU
		{15DD468E-9050-4D7F-9ABE-58973B40148B}.Release|Any CPU.Build.0 = Release|Any CPU
	EndGlobalSection
	GlobalSection(SolutionProperties) = preSolution
		HideSolutionNode = FALSE
	EndGlobalSection
	GlobalSection(ExtensibilityGlobals) = postSolution
		SolutionGuid = {C61AED38-FE58-4104-92B6-4427FD9DBB42}
	EndGlobalSection
EndGlobal
